
Microsoft Visual Studio Solution File, Format Version 12.00
# Visual Studio 15
VisualStudioVersion = 15.0.27703.2047
MinimumVisualStudioVersion = 10.0.40219.1
Project("{FAE04EC0-301F-11D3-BF4B-00C04F79EFBC}") = "SuperAI", "SuperAI\SuperAI.csproj", "{DC780A70-5431-46CF-B64E-1FB5A53CC6C6}"
EndProject
Global
	GlobalSection(SolutionConfigurationPlatforms) = preSolution
		Debug|Any CPU = Debug|Any CPU
		Release|Any CPU = Release|Any CPU
	EndGlobalSection
	GlobalSection(ProjectConfigurationPlatforms) = postSolution
		{DC780A70-5431-46CF-B64E-1FB5A53CC6C6}.Debug|Any CPU.ActiveCfg = Debug|Any CPU
		{DC780A70-5431-46CF-B64E-1FB5A53CC6C6}.Debug|Any CPU.Build.0 = Debug|Any CPU
		{DC780A70-5431-46CF-B64E-1FB5A53CC6C6}.Release|Any CPU.ActiveCfg = Release|Any CPU
		{DC780A70-5431-46CF-B64E-1FB5A53CC6C6}.Release|Any CPU.Build.0 = Release|Any CPU
	EndGlobalSection
	GlobalSection(SolutionProperties) = preSolution
		HideSolutionNode = FALSE
	EndGlobalSection
	GlobalSection(ExtensibilityGlobals) = postSolution
		SolutionGuid = {8AC51915-5255-4703-AAF5-833AF5E46B4F}
	EndGlobalSection
EndGlobal
